
Microsoft Visual Studio Solution File, Format Version 12.00
# Visual Studio Version 17
VisualStudioVersion = 17.6.33723.286
MinimumVisualStudioVersion = 10.0.40219.1
Project("{8BC9CEB8-8B4A-11D0-8D11-00A0C91BC942}") = "IDE", "IDE\IDE.vcxproj", "{1642911D-3CE6-4CEE-BD39-D9E734128717}"
EndProject
Global
	GlobalSection(SolutionConfigurationPlatforms) = preSolution
		Debug|x64 = Debug|x64
		Debug|x86 = Debug|x86
		Release|x64 = Release|x64
		Release|x86 = Release|x86
	EndGlobalSection
	GlobalSection(ProjectConfigurationPlatforms) = postSolution
		{1642911D-3CE6-4CEE-BD39-D9E734128717}.Debug|x64.ActiveCfg = Debug|x64
		{1642911D-3CE6-4CEE-BD39-D9E734128717}.Debug|x64.Build.0 = Debug|x64
		{1642911D-3CE6-4CEE-BD39-D9E734128717}.Debug|x86.ActiveCfg = Debug|Win32
		{1642911D-3CE6-4CEE-BD39-D9E734128717}.Debug|x86.Build.0 = Debug|Win32
		{1642911D-3CE6-4CEE-BD39-D9E734128717}.Release|x64.ActiveCfg = Release|x64
		{1642911D-3CE6-4CEE-BD39-D9E734128717}.Release|x64.Build.0 = Release|x64
		{1642911D-3CE6-4CEE-BD39-D9E734128717}.Release|x86.ActiveCfg = Release|Win32
		{1642911D-3CE6-4CEE-BD39-D9E734128717}.Release|x86.Build.0 = Release|Win32
	EndGlobalSection
	GlobalSection(SolutionProperties) = preSolution
		HideSolutionNode = FALSE
	EndGlobalSection
	GlobalSection(ExtensibilityGlobals) = postSolution
		SolutionGuid = {E6048C78-3B72-4B3A-B932-25B4DD9B57DB}
	EndGlobalSection
EndGlobal
